
Microsoft Visual Studio Solution File, Format Version 12.00
# Visual Studio Version 16
VisualStudioVersion = 16.0.30804.86
MinimumVisualStudioVersion = 10.0.40219.1
Project("{FAE04EC0-301F-11D3-BF4B-00C04F79EFBC}") = "AspNetCore.ControllerInjection", "AspNetCore.ControllerInjection.csproj", "{F4BE66D5-95F9-4718-B3B7-510F9AA2F6A8}"
EndProject
Global
	GlobalSection(SolutionConfigurationPlatforms) = preSolution
		Debug|Any CPU = Debug|Any CPU
		Release|Any CPU = Release|Any CPU
	EndGlobalSection
	GlobalSection(ProjectConfigurationPlatforms) = postSolution
		{F4BE66D5-95F9-4718-B3B7-510F9AA2F6A8}.Debug|Any CPU.ActiveCfg = Debug|Any CPU
		{F4BE66D5-95F9-4718-B3B7-510F9AA2F6A8}.Debug|Any CPU.Build.0 = Debug|Any CPU
		{F4BE66D5-95F9-4718-B3B7-510F9AA2F6A8}.Release|Any CPU.ActiveCfg = Release|Any CPU
		{F4BE66D5-95F9-4718-B3B7-510F9AA2F6A8}.Release|Any CPU.Build.0 = Release|Any CPU
	EndGlobalSection
	GlobalSection(SolutionProperties) = preSolution
		HideSolutionNode = FALSE
	EndGlobalSection
	GlobalSection(ExtensibilityGlobals) = postSolution
		SolutionGuid = {B70EAFF7-3A46-45D3-BD42-646A91FE0E02}
	EndGlobalSection
EndGlobal
